// !$*UTF8*$!
{
	archiveVersion = 1;
	classes = {
	};
	objectVersion = 55;
	objects = {

/* Begin PBXBuildFile section */
		581890DD271DC80900C240E7 /* PushTableViewController.swift in Sources */ = {isa = PBXBuildFile; fileRef = 581890DB271DC80900C240E7 /* PushTableViewController.swift */; };
		583CCE642719B11A005C1B3A /* AppDelegate.swift in Sources */ = {isa = PBXBuildFile; fileRef = 583CCE632719B11A005C1B3A /* AppDelegate.swift */; };
		583CCE662719B11A005C1B3A /* SceneDelegate.swift in Sources */ = {isa = PBXBuildFile; fileRef = 583CCE652719B11A005C1B3A /* SceneDelegate.swift */; };
		583CCE682719B11A005C1B3A /* MainViewController.swift in Sources */ = {isa = PBXBuildFile; fileRef = 583CCE672719B11A005C1B3A /* MainViewController.swift */; };
		583CCE6B2719B11A005C1B3A /* Main.storyboard in Resources */ = {isa = PBXBuildFile; fileRef = 583CCE692719B11A005C1B3A /* Main.storyboard */; };
		583CCE6D2719B11B005C1B3A /* Assets.xcassets in Resources */ = {isa = PBXBuildFile; fileRef = 583CCE6C2719B11B005C1B3A /* Assets.xcassets */; };
		583CCE702719B11B005C1B3A /* LaunchScreen.storyboard in Resources */ = {isa = PBXBuildFile; fileRef = 583CCE6E2719B11B005C1B3A /* LaunchScreen.storyboard */; };
		583CCE782719C377005C1B3A /* PresentViewController.swift in Sources */ = {isa = PBXBuildFile; fileRef = 583CCE772719C377005C1B3A /* PresentViewController.swift */; };
		583CCE7F2719ECE9005C1B3A /* TvShowManager.swift in Sources */ = {isa = PBXBuildFile; fileRef = 583CCE7E2719ECE9005C1B3A /* TvShowManager.swift */; };
		583CCE812719ED46005C1B3A /* TvShow.swift in Sources */ = {isa = PBXBuildFile; fileRef = 583CCE802719ED46005C1B3A /* TvShow.swift */; };
		58963ED5271D2B0600C56A57 /* Kingfisher in Frameworks */ = {isa = PBXBuildFile; productRef = 58963ED4271D2B0600C56A57 /* Kingfisher */; };
		58963ED8271D652F00C56A57 /* MainTableViewCell.swift in Sources */ = {isa = PBXBuildFile; fileRef = 58963ED6271D652F00C56A57 /* MainTableViewCell.swift */; };
		58963ED9271D652F00C56A57 /* MainTableViewCell.xib in Resources */ = {isa = PBXBuildFile; fileRef = 58963ED7271D652F00C56A57 /* MainTableViewCell.xib */; };
		58963EDD271D9B9C00C56A57 /* PresentTableViewCell.xib in Resources */ = {isa = PBXBuildFile; fileRef = 58963EDB271D9B9C00C56A57 /* PresentTableViewCell.xib */; };
		58A09C53271E885B0063CA71 /* WebViewController.swift in Sources */ = {isa = PBXBuildFile; fileRef = 58A09C52271E885B0063CA71 /* WebViewController.swift */; };
		58C9C595271FE458003EBB13 /* DetailTableViewCell.swift in Sources */ = {isa = PBXBuildFile; fileRef = 58C9C593271FE458003EBB13 /* DetailTableViewCell.swift */; };
		58C9C596271FE458003EBB13 /* DetailTableViewCell.xib in Resources */ = {isa = PBXBuildFile; fileRef = 58C9C594271FE458003EBB13 /* DetailTableViewCell.xib */; };
		58C9C598271FE4F1003EBB13 /* PresentTableViewCell.swift in Sources */ = {isa = PBXBuildFile; fileRef = 58C9C597271FE4F1003EBB13 /* PresentTableViewCell.swift */; };
		58C9C59A271FF68D003EBB13 /* BookViewController.swift in Sources */ = {isa = PBXBuildFile; fileRef = 58C9C599271FF68D003EBB13 /* BookViewController.swift */; };
		58C9C59D271FFA4F003EBB13 /* BookCollectionViewCell.swift in Sources */ = {isa = PBXBuildFile; fileRef = 58C9C59B271FFA4F003EBB13 /* BookCollectionViewCell.swift */; };
		58C9C59E271FFA4F003EBB13 /* BookCollectionViewCell.xib in Resources */ = {isa = PBXBuildFile; fileRef = 58C9C59C271FFA4F003EBB13 /* BookCollectionViewCell.xib */; };
		58C9C5A027205798003EBB13 /* TheaterLocation.swift in Sources */ = {isa = PBXBuildFile; fileRef = 58C9C59F27205798003EBB13 /* TheaterLocation.swift */; };
		58C9C5A2272057A5003EBB13 /* TheaterLocationManager.swift in Sources */ = {isa = PBXBuildFile; fileRef = 58C9C5A1272057A5003EBB13 /* TheaterLocationManager.swift */; };
		58C9C5A4272059F8003EBB13 /* MovieViewController.swift in Sources */ = {isa = PBXBuildFile; fileRef = 58C9C5A3272059F8003EBB13 /* MovieViewController.swift */; };
/* End PBXBuildFile section */

/* Begin PBXFileReference section */
		581890DB271DC80900C240E7 /* PushTableViewController.swift */ = {isa = PBXFileReference; lastKnownFileType = sourcecode.swift; path = PushTableViewController.swift; sourceTree = "<group>"; };
		583CCE602719B11A005C1B3A /* SeSSAC_TrendMediaPrj.app */ = {isa = PBXFileReference; explicitFileType = wrapper.application; includeInIndex = 0; path = SeSSAC_TrendMediaPrj.app; sourceTree = BUILT_PRODUCTS_DIR; };
		583CCE632719B11A005C1B3A /* AppDelegate.swift */ = {isa = PBXFileReference; lastKnownFileType = sourcecode.swift; path = AppDelegate.swift; sourceTree = "<group>"; };
		583CCE652719B11A005C1B3A /* SceneDelegate.swift */ = {isa = PBXFileReference; lastKnownFileType = sourcecode.swift; path = SceneDelegate.swift; sourceTree = "<group>"; };
		583CCE672719B11A005C1B3A /* MainViewController.swift */ = {isa = PBXFileReference; lastKnownFileType = sourcecode.swift; path = MainViewController.swift; sourceTree = "<group>"; };
		583CCE6A2719B11A005C1B3A /* Base */ = {isa = PBXFileReference; lastKnownFileType = file.storyboard; name = Base; path = Base.lproj/Main.storyboard; sourceTree = "<group>"; };
		583CCE6C2719B11B005C1B3A /* Assets.xcassets */ = {isa = PBXFileReference; lastKnownFileType = folder.assetcatalog; path = Assets.xcassets; sourceTree = "<group>"; };
		583CCE6F2719B11B005C1B3A /* Base */ = {isa = PBXFileReference; lastKnownFileType = file.storyboard; name = Base; path = Base.lproj/LaunchScreen.storyboard; sourceTree = "<group>"; };
		583CCE712719B11B005C1B3A /* Info.plist */ = {isa = PBXFileReference; lastKnownFileType = text.plist.xml; path = Info.plist; sourceTree = "<group>"; };
		583CCE772719C377005C1B3A /* PresentViewController.swift */ = {isa = PBXFileReference; lastKnownFileType = sourcecode.swift; path = PresentViewController.swift; sourceTree = "<group>"; };
		583CCE7E2719ECE9005C1B3A /* TvShowManager.swift */ = {isa = PBXFileReference; lastKnownFileType = sourcecode.swift; path = TvShowManager.swift; sourceTree = "<group>"; };
		583CCE802719ED46005C1B3A /* TvShow.swift */ = {isa = PBXFileReference; lastKnownFileType = sourcecode.swift; path = TvShow.swift; sourceTree = "<group>"; };
		58963ED6271D652F00C56A57 /* MainTableViewCell.swift */ = {isa = PBXFileReference; lastKnownFileType = sourcecode.swift; path = MainTableViewCell.swift; sourceTree = "<group>"; };
		58963ED7271D652F00C56A57 /* MainTableViewCell.xib */ = {isa = PBXFileReference; lastKnownFileType = file.xib; path = MainTableViewCell.xib; sourceTree = "<group>"; };
		58963EDB271D9B9C00C56A57 /* PresentTableViewCell.xib */ = {isa = PBXFileReference; lastKnownFileType = file.xib; path = PresentTableViewCell.xib; sourceTree = "<group>"; };
		58A09C52271E885B0063CA71 /* WebViewController.swift */ = {isa = PBXFileReference; lastKnownFileType = sourcecode.swift; path = WebViewController.swift; sourceTree = "<group>"; };
		58C9C593271FE458003EBB13 /* DetailTableViewCell.swift */ = {isa = PBXFileReference; lastKnownFileType = sourcecode.swift; path = DetailTableViewCell.swift; sourceTree = "<group>"; };
		58C9C594271FE458003EBB13 /* DetailTableViewCell.xib */ = {isa = PBXFileReference; lastKnownFileType = file.xib; path = DetailTableViewCell.xib; sourceTree = "<group>"; };
		58C9C597271FE4F1003EBB13 /* PresentTableViewCell.swift */ = {isa = PBXFileReference; fileEncoding = 4; lastKnownFileType = sourcecode.swift; path = PresentTableViewCell.swift; sourceTree = "<group>"; };
		58C9C599271FF68D003EBB13 /* BookViewController.swift */ = {isa = PBXFileReference; lastKnownFileType = sourcecode.swift; path = BookViewController.swift; sourceTree = "<group>"; };
		58C9C59B271FFA4F003EBB13 /* BookCollectionViewCell.swift */ = {isa = PBXFileReference; lastKnownFileType = sourcecode.swift; path = BookCollectionViewCell.swift; sourceTree = "<group>"; };
		58C9C59C271FFA4F003EBB13 /* BookCollectionViewCell.xib */ = {isa = PBXFileReference; lastKnownFileType = file.xib; path = BookCollectionViewCell.xib; sourceTree = "<group>"; };
		58C9C59F27205798003EBB13 /* TheaterLocation.swift */ = {isa = PBXFileReference; lastKnownFileType = sourcecode.swift; path = TheaterLocation.swift; sourceTree = "<group>"; };
		58C9C5A1272057A5003EBB13 /* TheaterLocationManager.swift */ = {isa = PBXFileReference; lastKnownFileType = sourcecode.swift; path = TheaterLocationManager.swift; sourceTree = "<group>"; };
		58C9C5A3272059F8003EBB13 /* MovieViewController.swift */ = {isa = PBXFileReference; lastKnownFileType = sourcecode.swift; path = MovieViewController.swift; sourceTree = "<group>"; };
/* End PBXFileReference section */

/* Begin PBXFrameworksBuildPhase section */
		583CCE5D2719B11A005C1B3A /* Frameworks */ = {
			isa = PBXFrameworksBuildPhase;
			buildActionMask = 2147483647;
			files = (
				58963ED5271D2B0600C56A57 /* Kingfisher in Frameworks */,
			);
			runOnlyForDeploymentPostprocessing = 0;
		};
/* End PBXFrameworksBuildPhase section */

/* Begin PBXGroup section */
		583CCE572719B11A005C1B3A = {
			isa = PBXGroup;
			children = (
				583CCE622719B11A005C1B3A /* SeSSAC_TrendMediaPrj */,
				583CCE612719B11A005C1B3A /* Products */,
			);
			sourceTree = "<group>";
		};
		583CCE612719B11A005C1B3A /* Products */ = {
			isa = PBXGroup;
			children = (
				583CCE602719B11A005C1B3A /* SeSSAC_TrendMediaPrj.app */,
			);
			name = Products;
			sourceTree = "<group>";
		};
		583CCE622719B11A005C1B3A /* SeSSAC_TrendMediaPrj */ = {
			isa = PBXGroup;
			children = (
				583CCE632719B11A005C1B3A /* AppDelegate.swift */,
				583CCE652719B11A005C1B3A /* SceneDelegate.swift */,
				583CCE7A2719C478005C1B3A /* Model */,
				583CCE792719C46A005C1B3A /* Controller */,
				583CCE7D2719DF8E005C1B3A /* View */,
				583CCE692719B11A005C1B3A /* Main.storyboard */,
				583CCE6C2719B11B005C1B3A /* Assets.xcassets */,
				583CCE6E2719B11B005C1B3A /* LaunchScreen.storyboard */,
				583CCE712719B11B005C1B3A /* Info.plist */,
			);
			path = SeSSAC_TrendMediaPrj;
			sourceTree = "<group>";
		};
		583CCE792719C46A005C1B3A /* Controller */ = {
			isa = PBXGroup;
			children = (
				583CCE672719B11A005C1B3A /* MainViewController.swift */,
				583CCE772719C377005C1B3A /* PresentViewController.swift */,
				581890DB271DC80900C240E7 /* PushTableViewController.swift */,
				58C9C599271FF68D003EBB13 /* BookViewController.swift */,
				58A09C52271E885B0063CA71 /* WebViewController.swift */,
				58C9C5A3272059F8003EBB13 /* MovieViewController.swift */,
			);
			path = Controller;
			sourceTree = "<group>";
		};
		583CCE7A2719C478005C1B3A /* Model */ = {
			isa = PBXGroup;
			children = (
				583CCE7E2719ECE9005C1B3A /* TvShowManager.swift */,
				583CCE802719ED46005C1B3A /* TvShow.swift */,
				58C9C59F27205798003EBB13 /* TheaterLocation.swift */,
				58C9C5A1272057A5003EBB13 /* TheaterLocationManager.swift */,
			);
			path = Model;
			sourceTree = "<group>";
		};
		583CCE7D2719DF8E005C1B3A /* View */ = {
			isa = PBXGroup;
			children = (
				58C9C597271FE4F1003EBB13 /* PresentTableViewCell.swift */,
				58963ED6271D652F00C56A57 /* MainTableViewCell.swift */,
				58C9C593271FE458003EBB13 /* DetailTableViewCell.swift */,
				58C9C59B271FFA4F003EBB13 /* BookCollectionViewCell.swift */,
				58C9C59C271FFA4F003EBB13 /* BookCollectionViewCell.xib */,
				58C9C594271FE458003EBB13 /* DetailTableViewCell.xib */,
				58963ED7271D652F00C56A57 /* MainTableViewCell.xib */,
				58963EDB271D9B9C00C56A57 /* PresentTableViewCell.xib */,
			);
			path = View;
			sourceTree = "<group>";
		};
/* End PBXGroup section */

/* Begin PBXNativeTarget section */
		583CCE5F2719B11A005C1B3A /* SeSSAC_TrendMediaPrj */ = {
			isa = PBXNativeTarget;
			buildConfigurationList = 583CCE742719B11B005C1B3A /* Build configuration list for PBXNativeTarget "SeSSAC_TrendMediaPrj" */;
			buildPhases = (
				583CCE5C2719B11A005C1B3A /* Sources */,
				583CCE5D2719B11A005C1B3A /* Frameworks */,
				583CCE5E2719B11A005C1B3A /* Resources */,
			);
			buildRules = (
			);
			dependencies = (
			);
			name = SeSSAC_TrendMediaPrj;
			packageProductDependencies = (
				58963ED4271D2B0600C56A57 /* Kingfisher */,
			);
			productName = SeSSAC_TrendMediaPrj;
			productReference = 583CCE602719B11A005C1B3A /* SeSSAC_TrendMediaPrj.app */;
			productType = "com.apple.product-type.application";
		};
/* End PBXNativeTarget section */

/* Begin PBXProject section */
		583CCE582719B11A005C1B3A /* Project object */ = {
			isa = PBXProject;
			attributes = {
				BuildIndependentTargetsInParallel = 1;
				LastSwiftUpdateCheck = 1300;
				LastUpgradeCheck = 1300;
				TargetAttributes = {
					583CCE5F2719B11A005C1B3A = {
						CreatedOnToolsVersion = 13.0;
					};
				};
			};
			buildConfigurationList = 583CCE5B2719B11A005C1B3A /* Build configuration list for PBXProject "SeSSAC_TrendMediaPrj" */;
			compatibilityVersion = "Xcode 13.0";
			developmentRegion = en;
			hasScannedForEncodings = 0;
			knownRegions = (
				en,
				Base,
			);
			mainGroup = 583CCE572719B11A005C1B3A;
			packageReferences = (
				58963ED3271D2B0600C56A57 /* XCRemoteSwiftPackageReference "Kingfisher" */,
			);
			productRefGroup = 583CCE612719B11A005C1B3A /* Products */;
			projectDirPath = "";
			projectRoot = "";
			targets = (
				583CCE5F2719B11A005C1B3A /* SeSSAC_TrendMediaPrj */,
			);
		};
/* End PBXProject section */

/* Begin PBXResourcesBuildPhase section */
		583CCE5E2719B11A005C1B3A /* Resources */ = {
			isa = PBXResourcesBuildPhase;
			buildActionMask = 2147483647;
			files = (
				583CCE702719B11B005C1B3A /* LaunchScreen.storyboard in Resources */,
				58963EDD271D9B9C00C56A57 /* PresentTableViewCell.xib in Resources */,
				583CCE6D2719B11B005C1B3A /* Assets.xcassets in Resources */,
				58963ED9271D652F00C56A57 /* MainTableViewCell.xib in Resources */,
				58C9C596271FE458003EBB13 /* DetailTableViewCell.xib in Resources */,
				583CCE6B2719B11A005C1B3A /* Main.storyboard in Resources */,
				58C9C59E271FFA4F003EBB13 /* BookCollectionViewCell.xib in Resources */,
			);
			runOnlyForDeploymentPostprocessing = 0;
		};
/* End PBXResourcesBuildPhase section */

/* Begin PBXSourcesBuildPhase section */
		583CCE5C2719B11A005C1B3A /* Sources */ = {
			isa = PBXSourcesBuildPhase;
			buildActionMask = 2147483647;
			files = (
				583CCE812719ED46005C1B3A /* TvShow.swift in Sources */,
				58C9C59D271FFA4F003EBB13 /* BookCollectionViewCell.swift in Sources */,
				58C9C5A027205798003EBB13 /* TheaterLocation.swift in Sources */,
				58C9C5A4272059F8003EBB13 /* MovieViewController.swift in Sources */,
				583CCE682719B11A005C1B3A /* MainViewController.swift in Sources */,
				58A09C53271E885B0063CA71 /* WebViewController.swift in Sources */,
				58C9C5A2272057A5003EBB13 /* TheaterLocationManager.swift in Sources */,
				583CCE642719B11A005C1B3A /* AppDelegate.swift in Sources */,
				581890DD271DC80900C240E7 /* PushTableViewController.swift in Sources */,
				58C9C59A271FF68D003EBB13 /* BookViewController.swift in Sources */,
				58C9C598271FE4F1003EBB13 /* PresentTableViewCell.swift in Sources */,
				58963ED8271D652F00C56A57 /* MainTableViewCell.swift in Sources */,
				583CCE7F2719ECE9005C1B3A /* TvShowManager.swift in Sources */,
				583CCE782719C377005C1B3A /* PresentViewController.swift in Sources */,
				583CCE662719B11A005C1B3A /* SceneDelegate.swift in Sources */,
				58C9C595271FE458003EBB13 /* DetailTableViewCell.swift in Sources */,
			);
			runOnlyForDeploymentPostprocessing = 0;
		};
/* End PBXSourcesBuildPhase section */

/* Begin PBXVariantGroup section */
		583CCE692719B11A005C1B3A /* Main.storyboard */ = {
			isa = PBXVariantGroup;
			children = (
				583CCE6A2719B11A005C1B3A /* Base */,
			);
			name = Main.storyboard;
			sourceTree = "<group>";
		};
		583CCE6E2719B11B005C1B3A /* LaunchScreen.storyboard */ = {
			isa = PBXVariantGroup;
			children = (
				583CCE6F2719B11B005C1B3A /* Base */,
			);
			name = LaunchScreen.storyboard;
			sourceTree = "<group>";
		};
/* End PBXVariantGroup section */

/* Begin XCBuildConfiguration section */
		583CCE722719B11B005C1B3A /* Debug */ = {
			isa = XCBuildConfiguration;
			buildSettings = {
				ALWAYS_SEARCH_USER_PATHS = NO;
				CLANG_ANALYZER_NONNULL = YES;
				CLANG_ANALYZER_NUMBER_OBJECT_CONVERSION = YES_AGGRESSIVE;
				CLANG_CXX_LANGUAGE_STANDARD = "gnu++17";
				CLANG_CXX_LIBRARY = "libc++";
				CLANG_ENABLE_MODULES = YES;
				CLANG_ENABLE_OBJC_ARC = YES;
				CLANG_ENABLE_OBJC_WEAK = YES;
				CLANG_WARN_BLOCK_CAPTURE_AUTORELEASING = YES;
				CLANG_WARN_BOOL_CONVERSION = YES;
				CLANG_WARN_COMMA = YES;
				CLANG_WARN_CONSTANT_CONVERSION = YES;
				CLANG_WARN_DEPRECATED_OBJC_IMPLEMENTATIONS = YES;
				CLANG_WARN_DIRECT_OBJC_ISA_USAGE = YES_ERROR;
				CLANG_WARN_DOCUMENTATION_COMMENTS = YES;
				CLANG_WARN_EMPTY_BODY = YES;
				CLANG_WARN_ENUM_CONVERSION = YES;
				CLANG_WARN_INFINITE_RECURSION = YES;
				CLANG_WARN_INT_CONVERSION = YES;
				CLANG_WARN_NON_LITERAL_NULL_CONVERSION = YES;
				CLANG_WARN_OBJC_IMPLICIT_RETAIN_SELF = YES;
				CLANG_WARN_OBJC_LITERAL_CONVERSION = YES;
				CLANG_WARN_OBJC_ROOT_CLASS = YES_ERROR;
				CLANG_WARN_QUOTED_INCLUDE_IN_FRAMEWORK_HEADER = YES;
				CLANG_WARN_RANGE_LOOP_ANALYSIS = YES;
				CLANG_WARN_STRICT_PROTOTYPES = YES;
				CLANG_WARN_SUSPICIOUS_MOVE = YES;
				CLANG_WARN_UNGUARDED_AVAILABILITY = YES_AGGRESSIVE;
				CLANG_WARN_UNREACHABLE_CODE = YES;
				CLANG_WARN__DUPLICATE_METHOD_MATCH = YES;
				COPY_PHASE_STRIP = NO;
				DEBUG_INFORMATION_FORMAT = dwarf;
				ENABLE_STRICT_OBJC_MSGSEND = YES;
				ENABLE_TESTABILITY = YES;
				GCC_C_LANGUAGE_STANDARD = gnu11;
				GCC_DYNAMIC_NO_PIC = NO;
				GCC_NO_COMMON_BLOCKS = YES;
				GCC_OPTIMIZATION_LEVEL = 0;
				GCC_PREPROCESSOR_DEFINITIONS = (
					"DEBUG=1",
					"$(inherited)",
				);
				GCC_WARN_64_TO_32_BIT_CONVERSION = YES;
				GCC_WARN_ABOUT_RETURN_TYPE = YES_ERROR;
				GCC_WARN_UNDECLARED_SELECTOR = YES;
				GCC_WARN_UNINITIALIZED_AUTOS = YES_AGGRESSIVE;
				GCC_WARN_UNUSED_FUNCTION = YES;
				GCC_WARN_UNUSED_VARIABLE = YES;
				IPHONEOS_DEPLOYMENT_TARGET = 15.0;
				MTL_ENABLE_DEBUG_INFO = INCLUDE_SOURCE;
				MTL_FAST_MATH = YES;
				ONLY_ACTIVE_ARCH = YES;
				SDKROOT = iphoneos;
				SWIFT_ACTIVE_COMPILATION_CONDITIONS = DEBUG;
				SWIFT_OPTIMIZATION_LEVEL = "-Onone";
			};
			name = Debug;
		};
		583CCE732719B11B005C1B3A /* Release */ = {
			isa = XCBuildConfiguration;
			buildSettings = {
				ALWAYS_SEARCH_USER_PATHS = NO;
				CLANG_ANALYZER_NONNULL = YES;
				CLANG_ANALYZER_NUMBER_OBJECT_CONVERSION = YES_AGGRESSIVE;
				CLANG_CXX_LANGUAGE_STANDARD = "gnu++17";
				CLANG_CXX_LIBRARY = "libc++";
				CLANG_ENABLE_MODULES = YES;
				CLANG_ENABLE_OBJC_ARC = YES;
				CLANG_ENABLE_OBJC_WEAK = YES;
				CLANG_WARN_BLOCK_CAPTURE_AUTORELEASING = YES;
				CLANG_WARN_BOOL_CONVERSION = YES;
				CLANG_WARN_COMMA = YES;
				CLANG_WARN_CONSTANT_CONVERSION = YES;
				CLANG_WARN_DEPRECATED_OBJC_IMPLEMENTATIONS = YES;
				CLANG_WARN_DIRECT_OBJC_ISA_USAGE = YES_ERROR;
				CLANG_WARN_DOCUMENTATION_COMMENTS = YES;
				CLANG_WARN_EMPTY_BODY = YES;
				CLANG_WARN_ENUM_CONVERSION = YES;
				CLANG_WARN_INFINITE_RECURSION = YES;
				CLANG_WARN_INT_CONVERSION = YES;
				CLANG_WARN_NON_LITERAL_NULL_CONVERSION = YES;
				CLANG_WARN_OBJC_IMPLICIT_RETAIN_SELF = YES;
				CLANG_WARN_OBJC_LITERAL_CONVERSION = YES;
				CLANG_WARN_OBJC_ROOT_CLASS = YES_ERROR;
				CLANG_WARN_QUOTED_INCLUDE_IN_FRAMEWORK_HEADER = YES;
				CLANG_WARN_RANGE_LOOP_ANALYSIS = YES;
				CLANG_WARN_STRICT_PROTOTYPES = YES;
				CLANG_WARN_SUSPICIOUS_MOVE = YES;
				CLANG_WARN_UNGUARDED_AVAILABILITY = YES_AGGRESSIVE;
				CLANG_WARN_UNREACHABLE_CODE = YES;
				CLANG_WARN__DUPLICATE_METHOD_MATCH = YES;
				COPY_PHASE_STRIP = NO;
				DEBUG_INFORMATION_FORMAT = "dwarf-with-dsym";
				ENABLE_NS_ASSERTIONS = NO;
				ENABLE_STRICT_OBJC_MSGSEND = YES;
				GCC_C_LANGUAGE_STANDARD = gnu11;
				GCC_NO_COMMON_BLOCKS = YES;
				GCC_WARN_64_TO_32_BIT_CONVERSION = YES;
				GCC_WARN_ABOUT_RETURN_TYPE = YES_ERROR;
				GCC_WARN_UNDECLARED_SELECTOR = YES;
				GCC_WARN_UNINITIALIZED_AUTOS = YES_AGGRESSIVE;
				GCC_WARN_UNUSED_FUNCTION = YES;
				GCC_WARN_UNUSED_VARIABLE = YES;
				IPHONEOS_DEPLOYMENT_TARGET = 15.0;
				MTL_ENABLE_DEBUG_INFO = NO;
				MTL_FAST_MATH = YES;
				SDKROOT = iphoneos;
				SWIFT_COMPILATION_MODE = wholemodule;
				SWIFT_OPTIMIZATION_LEVEL = "-O";
				VALIDATE_PRODUCT = YES;
			};
			name = Release;
		};
		583CCE752719B11B005C1B3A /* Debug */ = {
			isa = XCBuildConfiguration;
			buildSettings = {
				ASSETCATALOG_COMPILER_APPICON_NAME = AppIcon;
				ASSETCATALOG_COMPILER_GLOBAL_ACCENT_COLOR_NAME = AccentColor;
				CODE_SIGN_STYLE = Automatic;
				CURRENT_PROJECT_VERSION = 1;
				DEVELOPMENT_TEAM = QUVU2PY6PG;
				GENERATE_INFOPLIST_FILE = YES;
				INFOPLIST_FILE = SeSSAC_TrendMediaPrj/Info.plist;
				INFOPLIST_KEY_UIApplicationSupportsIndirectInputEvents = YES;
				INFOPLIST_KEY_UILaunchStoryboardName = LaunchScreen;
				INFOPLIST_KEY_UIMainStoryboardFile = Main;
				INFOPLIST_KEY_UISupportedInterfaceOrientations_iPad = "UIInterfaceOrientationPortrait UIInterfaceOrientationPortraitUpsideDown UIInterfaceOrientationLandscapeLeft UIInterfaceOrientationLandscapeRight";
				INFOPLIST_KEY_UISupportedInterfaceOrientations_iPhone = "UIInterfaceOrientationPortrait UIInterfaceOrientationLandscapeLeft UIInterfaceOrientationLandscapeRight";
				LD_RUNPATH_SEARCH_PATHS = (
					"$(inherited)",
					"@executable_path/Frameworks",
				);
				MARKETING_VERSION = 1.0;
				PRODUCT_BUNDLE_IDENTIFIER = "com.chan.SeSSAC-TrendMediaPrj";
				PRODUCT_NAME = "$(TARGET_NAME)";
				SWIFT_EMIT_LOC_STRINGS = YES;
				SWIFT_VERSION = 5.0;
				TARGETED_DEVICE_FAMILY = "1,2";
			};
			name = Debug;
		};
		583CCE762719B11B005C1B3A /* Release */ = {
			isa = XCBuildConfiguration;
			buildSettings = {
				ASSETCATALOG_COMPILER_APPICON_NAME = AppIcon;
				ASSETCATALOG_COMPILER_GLOBAL_ACCENT_COLOR_NAME = AccentColor;
				CODE_SIGN_STYLE = Automatic;
				CURRENT_PROJECT_VERSION = 1;
				DEVELOPMENT_TEAM = QUVU2PY6PG;
				GENERATE_INFOPLIST_FILE = YES;
				INFOPLIST_FILE = SeSSAC_TrendMediaPrj/Info.plist;
				INFOPLIST_KEY_UIApplicationSupportsIndirectInputEvents = YES;
				INFOPLIST_KEY_UILaunchStoryboardName = LaunchScreen;
				INFOPLIST_KEY_UIMainStoryboardFile = Main;
				INFOPLIST_KEY_UISupportedInterfaceOrientations_iPad = "UIInterfaceOrientationPortrait UIInterfaceOrientationPortraitUpsideDown UIInterfaceOrientationLandscapeLeft UIInterfaceOrientationLandscapeRight";
				INFOPLIST_KEY_UISupportedInterfaceOrientations_iPhone = "UIInterfaceOrientationPortrait UIInterfaceOrientationLandscapeLeft UIInterfaceOrientationLandscapeRight";
				LD_RUNPATH_SEARCH_PATHS = (
					"$(inherited)",
					"@executable_path/Frameworks",
				);
				MARKETING_VERSION = 1.0;
				PRODUCT_BUNDLE_IDENTIFIER = "com.chan.SeSSAC-TrendMediaPrj";
				PRODUCT_NAME = "$(TARGET_NAME)";
				SWIFT_EMIT_LOC_STRINGS = YES;
				SWIFT_VERSION = 5.0;
				TARGETED_DEVICE_FAMILY = "1,2";
			};
			name = Release;
		};
/* End XCBuildConfiguration section */

/* Begin XCConfigurationList section */
		583CCE5B2719B11A005C1B3A /* Build configuration list for PBXProject "SeSSAC_TrendMediaPrj" */ = {
			isa = XCConfigurationList;
			buildConfigurations = (
				583CCE722719B11B005C1B3A /* Debug */,
				583CCE732719B11B005C1B3A /* Release */,
			);
			defaultConfigurationIsVisible = 0;
			defaultConfigurationName = Release;
		};
		583CCE742719B11B005C1B3A /* Build configuration list for PBXNativeTarget "SeSSAC_TrendMediaPrj" */ = {
			isa = XCConfigurationList;
			buildConfigurations = (
				583CCE752719B11B005C1B3A /* Debug */,
				583CCE762719B11B005C1B3A /* Release */,
			);
			defaultConfigurationIsVisible = 0;
			defaultConfigurationName = Release;
		};
/* End XCConfigurationList section */

/* Begin XCRemoteSwiftPackageReference section */
		58963ED3271D2B0600C56A57 /* XCRemoteSwiftPackageReference "Kingfisher" */ = {
			isa = XCRemoteSwiftPackageReference;
			repositoryURL = "https://github.com/onevcat/Kingfisher.git";
			requirement = {
				branch = master;
				kind = branch;
			};
		};
/* End XCRemoteSwiftPackageReference section */

/* Begin XCSwiftPackageProductDependency section */
		58963ED4271D2B0600C56A57 /* Kingfisher */ = {
			isa = XCSwiftPackageProductDependency;
			package = 58963ED3271D2B0600C56A57 /* XCRemoteSwiftPackageReference "Kingfisher" */;
			productName = Kingfisher;
		};
/* End XCSwiftPackageProductDependency section */
	};
	rootObject = 583CCE582719B11A005C1B3A /* Project object */;
}
